
Microsoft Visual Studio Solution File, Format Version 12.00
# Visual Studio Version 17
VisualStudioVersion = 17.6.33801.468
MinimumVisualStudioVersion = 10.0.40219.1
Project("{8BC9CEB8-8B4A-11D0-8D11-00A0C91BC942}") = "18ю09ю23", "18ю09ю23\18ю09ю23.vcxproj", "{DB25E9AD-E1AB-42CC-94C2-5C807EF55930}"
EndProject
Global
	GlobalSection(SolutionConfigurationPlatforms) = preSolution
		Debug|x64 = Debug|x64
		Debug|x86 = Debug|x86
		Release|x64 = Release|x64
		Release|x86 = Release|x86
	EndGlobalSection
	GlobalSection(ProjectConfigurationPlatforms) = postSolution
		{DB25E9AD-E1AB-42CC-94C2-5C807EF55930}.Debug|x64.ActiveCfg = Debug|x64
		{DB25E9AD-E1AB-42CC-94C2-5C807EF55930}.Debug|x64.Build.0 = Debug|x64
		{DB25E9AD-E1AB-42CC-94C2-5C807EF55930}.Debug|x86.ActiveCfg = Debug|Win32
		{DB25E9AD-E1AB-42CC-94C2-5C807EF55930}.Debug|x86.Build.0 = Debug|Win32
		{DB25E9AD-E1AB-42CC-94C2-5C807EF55930}.Release|x64.ActiveCfg = Release|x64
		{DB25E9AD-E1AB-42CC-94C2-5C807EF55930}.Release|x64.Build.0 = Release|x64
		{DB25E9AD-E1AB-42CC-94C2-5C807EF55930}.Release|x86.ActiveCfg = Release|Win32
		{DB25E9AD-E1AB-42CC-94C2-5C807EF55930}.Release|x86.Build.0 = Release|Win32
	EndGlobalSection
	GlobalSection(SolutionProperties) = preSolution
		HideSolutionNode = FALSE
	EndGlobalSection
	GlobalSection(ExtensibilityGlobals) = postSolution
		SolutionGuid = {BED30F2B-1F32-4DC5-95BB-60093E46847A}
	EndGlobalSection
EndGlobal
